
Microsoft Visual Studio Solution File, Format Version 12.00
# Visual Studio Version 16
VisualStudioVersion = 16.0.32413.511
MinimumVisualStudioVersion = 10.0.40219.1
Project("{8BC9CEB8-8B4A-11D0-8D11-00A0C91BC942}") = "p1322complicateLegacy", "p1322complicateLegacy\p1322complicateLegacy.vcxproj", "{11384D0B-B6FE-4D5F-B1C0-FE6A967B0EAA}"
EndProject
Global
	GlobalSection(SolutionConfigurationPlatforms) = preSolution
		Debug|x64 = Debug|x64
		Debug|x86 = Debug|x86
		Release|x64 = Release|x64
		Release|x86 = Release|x86
	EndGlobalSection
	GlobalSection(ProjectConfigurationPlatforms) = postSolution
		{11384D0B-B6FE-4D5F-B1C0-FE6A967B0EAA}.Debug|x64.ActiveCfg = Debug|x64
		{11384D0B-B6FE-4D5F-B1C0-FE6A967B0EAA}.Debug|x64.Build.0 = Debug|x64
		{11384D0B-B6FE-4D5F-B1C0-FE6A967B0EAA}.Debug|x86.ActiveCfg = Debug|Win32
		{11384D0B-B6FE-4D5F-B1C0-FE6A967B0EAA}.Debug|x86.Build.0 = Debug|Win32
		{11384D0B-B6FE-4D5F-B1C0-FE6A967B0EAA}.Release|x64.ActiveCfg = Release|x64
		{11384D0B-B6FE-4D5F-B1C0-FE6A967B0EAA}.Release|x64.Build.0 = Release|x64
		{11384D0B-B6FE-4D5F-B1C0-FE6A967B0EAA}.Release|x86.ActiveCfg = Release|Win32
		{11384D0B-B6FE-4D5F-B1C0-FE6A967B0EAA}.Release|x86.Build.0 = Release|Win32
	EndGlobalSection
	GlobalSection(SolutionProperties) = preSolution
		HideSolutionNode = FALSE
	EndGlobalSection
	GlobalSection(ExtensibilityGlobals) = postSolution
		SolutionGuid = {4EFF7C43-0B71-4A68-9296-E9DBF8AA5B06}
	EndGlobalSection
EndGlobal
