
Microsoft Visual Studio Solution File, Format Version 12.00
# Visual Studio Version 17
Project("{8BC9CEB8-8B4A-11D0-8D11-00A0C91BC942}") = "ALL_BUILD", "ALL_BUILD.vcxproj", "{5AFBB982-B211-3920-800A-5C4BD6E3EB0D}"
	ProjectSection(ProjectDependencies) = postProject
		{AB9502FD-D9D3-3F74-8120-CE8CA93D8AC1} = {AB9502FD-D9D3-3F74-8120-CE8CA93D8AC1}
		{BED345E4-91A0-32AB-AA25-F87143B1ED3D} = {BED345E4-91A0-32AB-AA25-F87143B1ED3D}
	EndProjectSection
EndProject
Project("{8BC9CEB8-8B4A-11D0-8D11-00A0C91BC942}") = "6_34", "6_34.vcxproj", "{AB9502FD-D9D3-3F74-8120-CE8CA93D8AC1}"
	ProjectSection(ProjectDependencies) = postProject
		{BED345E4-91A0-32AB-AA25-F87143B1ED3D} = {BED345E4-91A0-32AB-AA25-F87143B1ED3D}
	EndProjectSection
EndProject
Project("{8BC9CEB8-8B4A-11D0-8D11-00A0C91BC942}") = "ZERO_CHECK", "ZERO_CHECK.vcxproj", "{BED345E4-91A0-32AB-AA25-F87143B1ED3D}"
	ProjectSection(ProjectDependencies) = postProject
	EndProjectSection
EndProject
Global
	GlobalSection(SolutionConfigurationPlatforms) = preSolution
		Debug|x64 = Debug|x64
		Release|x64 = Release|x64
		MinSizeRel|x64 = MinSizeRel|x64
		RelWithDebInfo|x64 = RelWithDebInfo|x64
	EndGlobalSection
	GlobalSection(ProjectConfigurationPlatforms) = postSolution
		{5AFBB982-B211-3920-800A-5C4BD6E3EB0D}.Debug|x64.ActiveCfg = Debug|x64
		{5AFBB982-B211-3920-800A-5C4BD6E3EB0D}.Release|x64.ActiveCfg = Release|x64
		{5AFBB982-B211-3920-800A-5C4BD6E3EB0D}.MinSizeRel|x64.ActiveCfg = MinSizeRel|x64
		{5AFBB982-B211-3920-800A-5C4BD6E3EB0D}.RelWithDebInfo|x64.ActiveCfg = RelWithDebInfo|x64
		{AB9502FD-D9D3-3F74-8120-CE8CA93D8AC1}.Debug|x64.ActiveCfg = Debug|x64
		{AB9502FD-D9D3-3F74-8120-CE8CA93D8AC1}.Debug|x64.Build.0 = Debug|x64
		{AB9502FD-D9D3-3F74-8120-CE8CA93D8AC1}.Release|x64.ActiveCfg = Release|x64
		{AB9502FD-D9D3-3F74-8120-CE8CA93D8AC1}.Release|x64.Build.0 = Release|x64
		{AB9502FD-D9D3-3F74-8120-CE8CA93D8AC1}.MinSizeRel|x64.ActiveCfg = MinSizeRel|x64
		{AB9502FD-D9D3-3F74-8120-CE8CA93D8AC1}.MinSizeRel|x64.Build.0 = MinSizeRel|x64
		{AB9502FD-D9D3-3F74-8120-CE8CA93D8AC1}.RelWithDebInfo|x64.ActiveCfg = RelWithDebInfo|x64
		{AB9502FD-D9D3-3F74-8120-CE8CA93D8AC1}.RelWithDebInfo|x64.Build.0 = RelWithDebInfo|x64
		{BED345E4-91A0-32AB-AA25-F87143B1ED3D}.Debug|x64.ActiveCfg = Debug|x64
		{BED345E4-91A0-32AB-AA25-F87143B1ED3D}.Debug|x64.Build.0 = Debug|x64
		{BED345E4-91A0-32AB-AA25-F87143B1ED3D}.Release|x64.ActiveCfg = Release|x64
		{BED345E4-91A0-32AB-AA25-F87143B1ED3D}.Release|x64.Build.0 = Release|x64
		{BED345E4-91A0-32AB-AA25-F87143B1ED3D}.MinSizeRel|x64.ActiveCfg = MinSizeRel|x64
		{BED345E4-91A0-32AB-AA25-F87143B1ED3D}.MinSizeRel|x64.Build.0 = MinSizeRel|x64
		{BED345E4-91A0-32AB-AA25-F87143B1ED3D}.RelWithDebInfo|x64.ActiveCfg = RelWithDebInfo|x64
		{BED345E4-91A0-32AB-AA25-F87143B1ED3D}.RelWithDebInfo|x64.Build.0 = RelWithDebInfo|x64
	EndGlobalSection
	GlobalSection(ExtensibilityGlobals) = postSolution
		SolutionGuid = {72EB1573-7A75-37EF-A311-0A35F6E63E45}
	EndGlobalSection
	GlobalSection(ExtensibilityAddIns) = postSolution
	EndGlobalSection
EndGlobal
