<?xml version="1.0" encoding="utf-8"?>
<Project ToolsVersion="17.0" xmlns="http://schemas.microsoft.com/developer/msbuild/2003">
  <ItemGroup>
    <CustomBuild Include="C:\Users\ivano\Desktop\gitStore\MFR2021\CMakeProjects\Chapter6\ex6_34\buildMGW\CMakeFiles\336c4fd1e8a232fd556b025bdecd8692\generate.stamp.rule">
      <Filter>CMake Rules</Filter>
    </CustomBuild>
  </ItemGroup>
  <ItemGroup>
    <Filter Include="CMake Rules">
      <UniqueIdentifier>{28B15F2B-0AB1-37BE-AFF3-7F355D99FF4F}</UniqueIdentifier>
    </Filter>
  </ItemGroup>
</Project>
